schema: '2.0'
stages:
  ingest_data:
    cmd: python src/ingest.py
    outs:
    - path: data/raw/sample_timeseries.csv
      hash: md5
      md5: 46eb96d32e066169b51079abea466927
      size: 60619
  ingest:
    cmd: python src/ingest_xm.py
    deps:
    - path: src/ingest_xm.py
      hash: md5
      md5: 945f105215c5c1fbe85fa317acaac17b
      size: 3764
    outs:
    - path: data/raw/price_xm_daily.csv
      hash: md5
      md5: 3acbd8ba944ec07158df25a5cd7386fa
      size: 20517
    - path: data/raw/price_xm_hourly.csv
      hash: md5
      md5: d70c1b985fe337850c72974cc3c5ae73
      size: 6844933
  train:
    cmd: python -m src.train
    deps:
    - path: data/raw/price_xm_daily.csv
      hash: md5
      md5: de94c442d4728479b66785bce632017e
      size: 20545
    - path: src/features.py
      hash: md5
      md5: 11415bba30c8d9dd01e09ae0a0c2be12
      size: 2155
    - path: src/train.py
      hash: md5
      md5: 07e1481f8fe725cf049dc18e3b998a49
      size: 3055
    params:
      params.yaml:
        train:
          seed: 42
          lookback_days: 7
          validation_days: 30
          num_boost_round: 100
          early_stopping_rounds: 10
          lgbm:
            learning_rate: 0.05
            num_leaves: 31
            feature_fraction: 0.9
            bagging_fraction: 0.8
            bagging_freq: 5
    outs:
    - path: metrics/candidate.json
      hash: md5
      md5: ccaf40acc2b7d29a13ed6df60ffe7979
      size: 508
    - path: models/candidate/lgbm_model.txt
      hash: md5
      md5: cb0a9d7db19d93768b6f91f4554c104b
      size: 46150
  predict:
    cmd: python -m src.predict
    deps:
    - path: data/raw/price_xm_daily.csv
      hash: md5
      md5: 9a9c7547743f745c81b7895098e66487
      size: 20478
    - path: models/lgbm_model.txt
      hash: md5
      md5: 6c5f478600a3398bd3c1a82b4cbca1c9
      size: 98848
    - path: src/predict.py
      hash: md5
      md5: 36696f3dfabb52fe7192cb3584bec93c
      size: 2247
    outs:
    - path: data/processed/prediction.csv
      hash: md5
      md5: 9a5ce9c4bf1121732a41c58981768092
      size: 133
